
Microsoft Visual Studio Solution File, Format Version 12.00
# Visual Studio Version 17
VisualStudioVersion = 17.11.35327.3
MinimumVisualStudioVersion = 10.0.40219.1
Project("{9A19103F-16F7-4668-BE54-9A1E7A4F7556}") = "Test", "Test.csproj", "{8FADCC5C-F0C8-4597-AD42-9FB4BC736758}"
EndProject
Project("{9A19103F-16F7-4668-BE54-9A1E7A4F7556}") = "Test.Api", "..\Test.Api\Test.Api.csproj", "{F822963B-0B64-41A5-AFB5-106DA444B4A4}"
EndProject
Project("{9A19103F-16F7-4668-BE54-9A1E7A4F7556}") = "Test.Model", "..\Test.Model\Test.Model.csproj", "{BA6D1504-47AF-4B9E-9B86-E6CF9D3743DC}"
EndProject
Global
	GlobalSection(SolutionConfigurationPlatforms) = preSolution
		Debug|Any CPU = Debug|Any CPU
		Release|Any CPU = Release|Any CPU
	EndGlobalSection
	GlobalSection(ProjectConfigurationPlatforms) = postSolution
		{8FADCC5C-F0C8-4597-AD42-9FB4BC736758}.Debug|Any CPU.ActiveCfg = Debug|Any CPU
		{8FADCC5C-F0C8-4597-AD42-9FB4BC736758}.Debug|Any CPU.Build.0 = Debug|Any CPU
		{8FADCC5C-F0C8-4597-AD42-9FB4BC736758}.Release|Any CPU.ActiveCfg = Release|Any CPU
		{8FADCC5C-F0C8-4597-AD42-9FB4BC736758}.Release|Any CPU.Build.0 = Release|Any CPU
		{F822963B-0B64-41A5-AFB5-106DA444B4A4}.Debug|Any CPU.ActiveCfg = Debug|Any CPU
		{F822963B-0B64-41A5-AFB5-106DA444B4A4}.Debug|Any CPU.Build.0 = Debug|Any CPU
		{F822963B-0B64-41A5-AFB5-106DA444B4A4}.Release|Any CPU.ActiveCfg = Release|Any CPU
		{F822963B-0B64-41A5-AFB5-106DA444B4A4}.Release|Any CPU.Build.0 = Release|Any CPU
		{BA6D1504-47AF-4B9E-9B86-E6CF9D3743DC}.Debug|Any CPU.ActiveCfg = Debug|Any CPU
		{BA6D1504-47AF-4B9E-9B86-E6CF9D3743DC}.Debug|Any CPU.Build.0 = Debug|Any CPU
		{BA6D1504-47AF-4B9E-9B86-E6CF9D3743DC}.Release|Any CPU.ActiveCfg = Release|Any CPU
		{BA6D1504-47AF-4B9E-9B86-E6CF9D3743DC}.Release|Any CPU.Build.0 = Release|Any CPU
	EndGlobalSection
	GlobalSection(SolutionProperties) = preSolution
		HideSolutionNode = FALSE
	EndGlobalSection
	GlobalSection(ExtensibilityGlobals) = postSolution
		SolutionGuid = {973C905E-757F-448F-B87F-367820C55A19}
	EndGlobalSection
EndGlobal
