
Microsoft Visual Studio Solution File, Format Version 12.00
# Visual Studio Version 17
VisualStudioVersion = 17.12.35514.174
MinimumVisualStudioVersion = 10.0.40219.1
Project("{9A19103F-16F7-4668-BE54-9A1E7A4F7556}") = "BlazorFE", "BlazorFE\BlazorFE\BlazorFE.csproj", "{79E23B71-E553-459A-A0DB-EC7AF79F506B}"
EndProject
Project("{9A19103F-16F7-4668-BE54-9A1E7A4F7556}") = "BlazorFE.Client", "BlazorFE\BlazorFE.Client\BlazorFE.Client.csproj", "{FD9040B9-C662-4469-A506-7E9EAEA3847F}"
EndProject
Global
	GlobalSection(SolutionConfigurationPlatforms) = preSolution
		Debug|Any CPU = Debug|Any CPU
		Release|Any CPU = Release|Any CPU
	EndGlobalSection
	GlobalSection(ProjectConfigurationPlatforms) = postSolution
		{79E23B71-E553-459A-A0DB-EC7AF79F506B}.Debug|Any CPU.ActiveCfg = Debug|Any CPU
		{79E23B71-E553-459A-A0DB-EC7AF79F506B}.Debug|Any CPU.Build.0 = Debug|Any CPU
		{79E23B71-E553-459A-A0DB-EC7AF79F506B}.Release|Any CPU.ActiveCfg = Release|Any CPU
		{79E23B71-E553-459A-A0DB-EC7AF79F506B}.Release|Any CPU.Build.0 = Release|Any CPU
		{FD9040B9-C662-4469-A506-7E9EAEA3847F}.Debug|Any CPU.ActiveCfg = Debug|Any CPU
		{FD9040B9-C662-4469-A506-7E9EAEA3847F}.Debug|Any CPU.Build.0 = Debug|Any CPU
		{FD9040B9-C662-4469-A506-7E9EAEA3847F}.Release|Any CPU.ActiveCfg = Release|Any CPU
		{FD9040B9-C662-4469-A506-7E9EAEA3847F}.Release|Any CPU.Build.0 = Release|Any CPU
	EndGlobalSection
	GlobalSection(SolutionProperties) = preSolution
		HideSolutionNode = FALSE
	EndGlobalSection
	GlobalSection(ExtensibilityGlobals) = postSolution
		SolutionGuid = {807B5AAB-BE84-438E-B33C-DF1DDDBEA65A}
	EndGlobalSection
EndGlobal
